{
  "name": "lesson02",
  "lockfileVersion": 2,
  "requires": true,
  "packages": {
    "": {
      "dependencies": {
        "accounting": "^0.4.1"
      }
    },
    "node_modules/accounting": {
      "version": "0.4.1",
      "resolved": "https://registry.npmjs.org/accounting/-/accounting-0.4.1.tgz",
      "integrity": "sha1-h91BA+/39EYPHhhvXGd+1s9WaIM="
    }
  },
  "dependencies": {
    "accounting": {
      "version": "0.4.1",
      "resolved": "https://registry.npmjs.org/accounting/-/accounting-0.4.1.tgz",
      "integrity": "sha1-h91BA+/39EYPHhhvXGd+1s9WaIM="
    }
  }
}
